
Microsoft Visual Studio Solution File, Format Version 12.00
# Visual Studio 14
VisualStudioVersion = 14.0.25420.1
MinimumVisualStudioVersion = 10.0.40219.1
Project("{FAE04EC0-301F-11D3-BF4B-00C04F79EFBC}") = "XMLtoLINQ", "LINQ\XMLtoLINQ.csproj", "{CF99D792-F100-4C9A-A6B1-0521DFCA9BB9}"
EndProject
Project("{FAE04EC0-301F-11D3-BF4B-00C04F79EFBC}") = "ArraySort", "ArraySort\ArraySort.csproj", "{887CC6AD-C0F6-4E5B-B011-8B2767DCAFE5}"
EndProject
Project("{FAE04EC0-301F-11D3-BF4B-00C04F79EFBC}") = "LINQtoSQL", "LINQtoSQL\LINQtoSQL.csproj", "{215AD870-EDDF-42E7-BC8A-657B658D53AD}"
EndProject
Project("{FAE04EC0-301F-11D3-BF4B-00C04F79EFBC}") = "LINQ_GroupJoin", "LINQ_GroupJoin\LINQ_GroupJoin.csproj", "{A0E4C8B8-320E-4E65-B6BD-98F39FD9FBA2}"
EndProject
Project("{FAE04EC0-301F-11D3-BF4B-00C04F79EFBC}") = "LINQ_PartitioningOperator", "LINQ_PartitioningOperator\LINQ_PartitioningOperator.csproj", "{2B1C296F-6352-4210-AEDA-112C58E67D35}"
EndProject
Global
	GlobalSection(SolutionConfigurationPlatforms) = preSolution
		Debug|Any CPU = Debug|Any CPU
		Release|Any CPU = Release|Any CPU
	EndGlobalSection
	GlobalSection(ProjectConfigurationPlatforms) = postSolution
		{CF99D792-F100-4C9A-A6B1-0521DFCA9BB9}.Debug|Any CPU.ActiveCfg = Debug|Any CPU
		{CF99D792-F100-4C9A-A6B1-0521DFCA9BB9}.Debug|Any CPU.Build.0 = Debug|Any CPU
		{CF99D792-F100-4C9A-A6B1-0521DFCA9BB9}.Release|Any CPU.ActiveCfg = Release|Any CPU
		{CF99D792-F100-4C9A-A6B1-0521DFCA9BB9}.Release|Any CPU.Build.0 = Release|Any CPU
		{887CC6AD-C0F6-4E5B-B011-8B2767DCAFE5}.Debug|Any CPU.ActiveCfg = Debug|Any CPU
		{887CC6AD-C0F6-4E5B-B011-8B2767DCAFE5}.Debug|Any CPU.Build.0 = Debug|Any CPU
		{887CC6AD-C0F6-4E5B-B011-8B2767DCAFE5}.Release|Any CPU.ActiveCfg = Release|Any CPU
		{887CC6AD-C0F6-4E5B-B011-8B2767DCAFE5}.Release|Any CPU.Build.0 = Release|Any CPU
		{215AD870-EDDF-42E7-BC8A-657B658D53AD}.Debug|Any CPU.ActiveCfg = Debug|Any CPU
		{215AD870-EDDF-42E7-BC8A-657B658D53AD}.Debug|Any CPU.Build.0 = Debug|Any CPU
		{215AD870-EDDF-42E7-BC8A-657B658D53AD}.Release|Any CPU.ActiveCfg = Release|Any CPU
		{215AD870-EDDF-42E7-BC8A-657B658D53AD}.Release|Any CPU.Build.0 = Release|Any CPU
		{A0E4C8B8-320E-4E65-B6BD-98F39FD9FBA2}.Debug|Any CPU.ActiveCfg = Debug|Any CPU
		{A0E4C8B8-320E-4E65-B6BD-98F39FD9FBA2}.Debug|Any CPU.Build.0 = Debug|Any CPU
		{A0E4C8B8-320E-4E65-B6BD-98F39FD9FBA2}.Release|Any CPU.ActiveCfg = Release|Any CPU
		{A0E4C8B8-320E-4E65-B6BD-98F39FD9FBA2}.Release|Any CPU.Build.0 = Release|Any CPU
		{2B1C296F-6352-4210-AEDA-112C58E67D35}.Debug|Any CPU.ActiveCfg = Debug|Any CPU
		{2B1C296F-6352-4210-AEDA-112C58E67D35}.Debug|Any CPU.Build.0 = Debug|Any CPU
		{2B1C296F-6352-4210-AEDA-112C58E67D35}.Release|Any CPU.ActiveCfg = Release|Any CPU
		{2B1C296F-6352-4210-AEDA-112C58E67D35}.Release|Any CPU.Build.0 = Release|Any CPU
	EndGlobalSection
	GlobalSection(SolutionProperties) = preSolution
		HideSolutionNode = FALSE
	EndGlobalSection
EndGlobal
